
Microsoft Visual Studio Solution File, Format Version 12.00
# Visual Studio Version 17
VisualStudioVersion = 17.14.36915.13 d17.14
MinimumVisualStudioVersion = 10.0.40219.1
Project("{FAE04EC0-301F-11D3-BF4B-00C04F79EFBC}") = "Foody", "Foody.csproj", "{E7C0785E-3DA3-4234-9E2F-9291D4123F4F}"
EndProject
Global
	GlobalSection(SolutionConfigurationPlatforms) = preSolution
		Debug|Any CPU = Debug|Any CPU
		Release|Any CPU = Release|Any CPU
	EndGlobalSection
	GlobalSection(ProjectConfigurationPlatforms) = postSolution
		{E7C0785E-3DA3-4234-9E2F-9291D4123F4F}.Debug|Any CPU.ActiveCfg = Debug|Any CPU
		{E7C0785E-3DA3-4234-9E2F-9291D4123F4F}.Debug|Any CPU.Build.0 = Debug|Any CPU
		{E7C0785E-3DA3-4234-9E2F-9291D4123F4F}.Release|Any CPU.ActiveCfg = Release|Any CPU
		{E7C0785E-3DA3-4234-9E2F-9291D4123F4F}.Release|Any CPU.Build.0 = Release|Any CPU
	EndGlobalSection
	GlobalSection(SolutionProperties) = preSolution
		HideSolutionNode = FALSE
	EndGlobalSection
	GlobalSection(ExtensibilityGlobals) = postSolution
		SolutionGuid = {D83B82D0-FEC4-45DC-AB03-F594ED02B999}
	EndGlobalSection
EndGlobal
